
Microsoft Visual Studio Solution File, Format Version 12.00
# Visual Studio Version 17
VisualStudioVersion = 17.11.35312.102
MinimumVisualStudioVersion = 10.0.40219.1
Project("{FAE04EC0-301F-11D3-BF4B-00C04F79EFBC}") = "Constructors", "Constructors\Constructors.csproj", "{7588605F-1E81-4205-B465-B4C726BCD4B0}"
EndProject
Global
	GlobalSection(SolutionConfigurationPlatforms) = preSolution
		Debug|Any CPU = Debug|Any CPU
		Release|Any CPU = Release|Any CPU
	EndGlobalSection
	GlobalSection(ProjectConfigurationPlatforms) = postSolution
		{7588605F-1E81-4205-B465-B4C726BCD4B0}.Debug|Any CPU.ActiveCfg = Debug|Any CPU
		{7588605F-1E81-4205-B465-B4C726BCD4B0}.Debug|Any CPU.Build.0 = Debug|Any CPU
		{7588605F-1E81-4205-B465-B4C726BCD4B0}.Release|Any CPU.ActiveCfg = Release|Any CPU
		{7588605F-1E81-4205-B465-B4C726BCD4B0}.Release|Any CPU.Build.0 = Release|Any CPU
	EndGlobalSection
	GlobalSection(SolutionProperties) = preSolution
		HideSolutionNode = FALSE
	EndGlobalSection
	GlobalSection(ExtensibilityGlobals) = postSolution
		SolutionGuid = {F9AE9596-3F13-4201-B87B-9F59DAB967A5}
	EndGlobalSection
EndGlobal
